{
  "name": "@mkcodergr/video-player-components",
  "version": "0.0.1",
  "lockfileVersion": 3,
  "requires": true,
  "packages": {
    "": {
      "name": "@mkcodergr/video-player-components",
      "version": "0.0.1",
      "dependencies": {
        "tslib": "^2.3.0"
      },
      "devDependencies": {
        "@angular/cdk": "^18.2.9",
        "@angular/material": "^18.2.9",
        "rxjs": "~7.5.0"
      },
      "peerDependencies": {
        "@angular/cdk": "^18.2.9",
        "@angular/common": "^18.2.0",
        "@angular/core": "^18.2.0",
        "@angular/material": "^18.2.9",
        "rxjs": "~7.5.0"
      }
    },
    "node_modules/@angular/cdk": {
      "version": "18.2.13",
      "resolved": "https://registry.npmjs.org/@angular/cdk/-/cdk-18.2.13.tgz",
      "integrity": "sha512-yBKoqcOwmwXnc5phFMEEMO130/Bz9beQLJrKzIS87f6TXaGCeBs4xrPHq2i7Xx/2TqvMiOD9ucjmlVbtGvNG3w==",
      "dev": true,
      "license": "MIT",
      "dependencies": {
        "tslib": "^2.3.0"
      },
      "optionalDependencies": {
        "parse5": "^7.1.2"
      },
      "peerDependencies": {
        "@angular/common": "^18.0.0 || ^19.0.0",
        "@angular/core": "^18.0.0 || ^19.0.0",
        "rxjs": "^6.5.3 || ^7.4.0"
      }
    },
    "node_modules/@angular/material": {
      "version": "18.2.13",
      "resolved": "https://registry.npmjs.org/@angular/material/-/material-18.2.13.tgz",
      "integrity": "sha512-Gxyyo6G+IXJwgf6zDTjPfFJ2PnjC2YXWKGkKKG2oR0jfiYiovDvNR4oXxhsztTwkaxLwck/gscoVTSQXMkU5fg==",
      "dev": true,
      "license": "MIT",
      "dependencies": {
        "tslib": "^2.3.0"
      },
      "peerDependencies": {
        "@angular/animations": "^18.0.0 || ^19.0.0",
        "@angular/cdk": "18.2.13",
        "@angular/common": "^18.0.0 || ^19.0.0",
        "@angular/core": "^18.0.0 || ^19.0.0",
        "@angular/forms": "^18.0.0 || ^19.0.0",
        "@angular/platform-browser": "^18.0.0 || ^19.0.0",
        "rxjs": "^6.5.3 || ^7.4.0"
      }
    },
    "node_modules/entities": {
      "version": "4.5.0",
      "resolved": "https://registry.npmjs.org/entities/-/entities-4.5.0.tgz",
      "integrity": "sha512-V0hjH4dGPh9Ao5p0MoRY6BVqtwCjhz6vI5LT8AJ55H+4g9/4vbHx1I54fS0XuclLhDHArPQCiMjDxjaL8fPxhw==",
      "dev": true,
      "license": "BSD-2-Clause",
      "optional": true,
      "engines": {
        "node": ">=0.12"
      },
      "funding": {
        "url": "https://github.com/fb55/entities?sponsor=1"
      }
    },
    "node_modules/parse5": {
      "version": "7.2.1",
      "resolved": "https://registry.npmjs.org/parse5/-/parse5-7.2.1.tgz",
      "integrity": "sha512-BuBYQYlv1ckiPdQi/ohiivi9Sagc9JG+Ozs0r7b/0iK3sKmrb0b9FdWdBbOdx6hBCM/F9Ir82ofnBhtZOjCRPQ==",
      "dev": true,
      "license": "MIT",
      "optional": true,
      "dependencies": {
        "entities": "^4.5.0"
      },
      "funding": {
        "url": "https://github.com/inikulin/parse5?sponsor=1"
      }
    },
    "node_modules/rxjs": {
      "version": "7.5.7",
      "resolved": "https://registry.npmjs.org/rxjs/-/rxjs-7.5.7.tgz",
      "integrity": "sha512-z9MzKh/UcOqB3i20H6rtrlaE/CgjLOvheWK/9ILrbhROGTweAi1BaFsTT9FbwZi5Trr1qNRs+MXkhmR06awzQA==",
      "dev": true,
      "license": "Apache-2.0",
      "dependencies": {
        "tslib": "^2.1.0"
      }
    },
    "node_modules/tslib": {
      "version": "2.8.1",
      "resolved": "https://registry.npmjs.org/tslib/-/tslib-2.8.1.tgz",
      "integrity": "sha512-oJFu94HQb+KVduSUQL7wnpmqnfmLsOA/nAh6b6EH0wCEoK0/mPeXU6c3wKDV83MkOuHPRHtSXKKU99IBazS/2w==",
      "license": "0BSD"
    }
  }
}
